uuid: 4a38f3fa-2909-49cf-9b8d-1f3a9aff23b4
langcode: en
status: true
dependencies:
  module:
    - rsvplist
  theme:
    - bartik
id: rsvp_block
theme: bartik
region: sidebar_first
weight: 0
provider: null
plugin: rsvp_block
settings:
  id: rsvp_block
  label: 'RSVP Block'
  provider: rsvplist
  label_display: visible
visibility: {  }
